
Microsoft Visual Studio Solution File, Format Version 11.00
# Visual Studio 2010
Project("{FAE04EC0-301F-11D3-BF4B-00C04F79EFBC}") = "CoffeeSharpGen", "CoffeeSharpGen.csproj", "{031665E2-5B4B-431B-B004-AE8AEF920AC4}"
EndProject
Project("{FAE04EC0-301F-11D3-BF4B-00C04F79EFBC}") = "CoffeeTest", "CoffeeTest\CoffeeTest.csproj", "{3A866B81-5C68-4DF7-8377-4F8A86145461}"
EndProject
Global
	GlobalSection(SolutionConfigurationPlatforms) = preSolution
		Debug|x86 = Debug|x86
		Release|x86 = Release|x86
	EndGlobalSection
	GlobalSection(ProjectConfigurationPlatforms) = postSolution
		{031665E2-5B4B-431B-B004-AE8AEF920AC4}.Debug|x86.ActiveCfg = Debug|x86
		{031665E2-5B4B-431B-B004-AE8AEF920AC4}.Debug|x86.Build.0 = Debug|x86
		{031665E2-5B4B-431B-B004-AE8AEF920AC4}.Release|x86.ActiveCfg = Release|x86
		{031665E2-5B4B-431B-B004-AE8AEF920AC4}.Release|x86.Build.0 = Release|x86
		{3A866B81-5C68-4DF7-8377-4F8A86145461}.Debug|x86.ActiveCfg = Debug|x86
		{3A866B81-5C68-4DF7-8377-4F8A86145461}.Debug|x86.Build.0 = Debug|x86
		{3A866B81-5C68-4DF7-8377-4F8A86145461}.Release|x86.ActiveCfg = Release|x86
		{3A866B81-5C68-4DF7-8377-4F8A86145461}.Release|x86.Build.0 = Release|x86
	EndGlobalSection
	GlobalSection(MonoDevelopProperties) = preSolution
		StartupItem = CoffeeTest\CoffeeTest.csproj
	EndGlobalSection
EndGlobal
